
Microsoft Visual Studio Solution File, Format Version 12.00
# Visual Studio Version 17
VisualStudioVersion = 17.12.35728.132
MinimumVisualStudioVersion = 10.0.40219.1
Project("{FAE04EC0-301F-11D3-BF4B-00C04F79EFBC}") = "AIController", "AIController\AIController.csproj", "{60894DFB-7AD3-4500-9D7D-56EAFE488BE1}"
EndProject
Project("{FAE04EC0-301F-11D3-BF4B-00C04F79EFBC}") = "AIManager", "..\AIManager\AIManager\AIManager.csproj", "{5E4A81B1-9B83-487A-A52E-ED65E7346918}"
EndProject
Project("{FAE04EC0-301F-11D3-BF4B-00C04F79EFBC}") = "AIModel", "..\AIModel\AIModel\AIModel.csproj", "{C6BF327B-2830-430B-8097-F05E994BA793}"
EndProject
Global
	GlobalSection(SolutionConfigurationPlatforms) = preSolution
		Debug|Any CPU = Debug|Any CPU
		Release|Any CPU = Release|Any CPU
	EndGlobalSection
	GlobalSection(ProjectConfigurationPlatforms) = postSolution
		{60894DFB-7AD3-4500-9D7D-56EAFE488BE1}.Debug|Any CPU.ActiveCfg = Debug|Any CPU
		{60894DFB-7AD3-4500-9D7D-56EAFE488BE1}.Debug|Any CPU.Build.0 = Debug|Any CPU
		{60894DFB-7AD3-4500-9D7D-56EAFE488BE1}.Release|Any CPU.ActiveCfg = Release|Any CPU
		{60894DFB-7AD3-4500-9D7D-56EAFE488BE1}.Release|Any CPU.Build.0 = Release|Any CPU
		{5E4A81B1-9B83-487A-A52E-ED65E7346918}.Debug|Any CPU.ActiveCfg = Debug|Any CPU
		{5E4A81B1-9B83-487A-A52E-ED65E7346918}.Debug|Any CPU.Build.0 = Debug|Any CPU
		{5E4A81B1-9B83-487A-A52E-ED65E7346918}.Release|Any CPU.ActiveCfg = Release|Any CPU
		{5E4A81B1-9B83-487A-A52E-ED65E7346918}.Release|Any CPU.Build.0 = Release|Any CPU
		{C6BF327B-2830-430B-8097-F05E994BA793}.Debug|Any CPU.ActiveCfg = Debug|Any CPU
		{C6BF327B-2830-430B-8097-F05E994BA793}.Debug|Any CPU.Build.0 = Debug|Any CPU
		{C6BF327B-2830-430B-8097-F05E994BA793}.Release|Any CPU.ActiveCfg = Release|Any CPU
		{C6BF327B-2830-430B-8097-F05E994BA793}.Release|Any CPU.Build.0 = Release|Any CPU
	EndGlobalSection
	GlobalSection(SolutionProperties) = preSolution
		HideSolutionNode = FALSE
	EndGlobalSection
EndGlobal
